
Microsoft Visual Studio Solution File, Format Version 12.00
# Visual Studio 2012
Project("{8BC9CEB8-8B4A-11D0-8D11-00A0C91BC942}") = "WebSocketCPPServer", "WebSocketCPPServer\WebSocketCPPServer.vcxproj", "{32C520FC-BD31-4139-A79C-FDE3A1B095E4}"
EndProject
Project("{8BC9CEB8-8B4A-11D0-8D11-00A0C91BC942}") = "WebSocketCPPClient", "WebSocketCPPClient\WebSocketCPPClient.vcxproj", "{840A1C3B-6397-4B05-8702-8FE9C325F4D0}"
EndProject
Global
	GlobalSection(SolutionConfigurationPlatforms) = preSolution
		Debug|Win32 = Debug|Win32
		Debug|x64 = Debug|x64
		Release|Win32 = Release|Win32
		Release|x64 = Release|x64
	EndGlobalSection
	GlobalSection(ProjectConfigurationPlatforms) = postSolution
		{32C520FC-BD31-4139-A79C-FDE3A1B095E4}.Debug|Win32.ActiveCfg = Debug|Win32
		{32C520FC-BD31-4139-A79C-FDE3A1B095E4}.Debug|Win32.Build.0 = Debug|Win32
		{32C520FC-BD31-4139-A79C-FDE3A1B095E4}.Debug|x64.ActiveCfg = Debug|x64
		{32C520FC-BD31-4139-A79C-FDE3A1B095E4}.Debug|x64.Build.0 = Debug|x64
		{32C520FC-BD31-4139-A79C-FDE3A1B095E4}.Release|Win32.ActiveCfg = Release|Win32
		{32C520FC-BD31-4139-A79C-FDE3A1B095E4}.Release|Win32.Build.0 = Release|Win32
		{32C520FC-BD31-4139-A79C-FDE3A1B095E4}.Release|x64.ActiveCfg = Release|x64
		{32C520FC-BD31-4139-A79C-FDE3A1B095E4}.Release|x64.Build.0 = Release|x64
		{840A1C3B-6397-4B05-8702-8FE9C325F4D0}.Debug|Win32.ActiveCfg = Debug|Win32
		{840A1C3B-6397-4B05-8702-8FE9C325F4D0}.Debug|Win32.Build.0 = Debug|Win32
		{840A1C3B-6397-4B05-8702-8FE9C325F4D0}.Debug|x64.ActiveCfg = Debug|x64
		{840A1C3B-6397-4B05-8702-8FE9C325F4D0}.Debug|x64.Build.0 = Debug|x64
		{840A1C3B-6397-4B05-8702-8FE9C325F4D0}.Release|Win32.ActiveCfg = Release|Win32
		{840A1C3B-6397-4B05-8702-8FE9C325F4D0}.Release|Win32.Build.0 = Release|Win32
		{840A1C3B-6397-4B05-8702-8FE9C325F4D0}.Release|x64.ActiveCfg = Release|x64
		{840A1C3B-6397-4B05-8702-8FE9C325F4D0}.Release|x64.Build.0 = Release|x64
	EndGlobalSection
	GlobalSection(SolutionProperties) = preSolution
		HideSolutionNode = FALSE
	EndGlobalSection
EndGlobal
