
Microsoft Visual Studio Solution File, Format Version 12.00
# Visual Studio 15
VisualStudioVersion = 15.0.27703.2035
MinimumVisualStudioVersion = 10.0.40219.1
Project("{8BC9CEB8-8B4A-11D0-8D11-00A0C91BC942}") = "beast_server_broadcaster", "beast_server_broadcaster\beast_server_broadcaster.vcxproj", "{B370BB3D-DFD7-4ABA-9D6D-C94CCE434BA7}"
EndProject
Project("{8BC9CEB8-8B4A-11D0-8D11-00A0C91BC942}") = "beast_server_httpfileserver", "beast_server_httpfileserver\beast_server_httpfileserver.vcxproj", "{7B451766-03FE-4CEE-B608-54DCBDE51753}"
EndProject
Global
	GlobalSection(SolutionConfigurationPlatforms) = preSolution
		Debug|x64 = Debug|x64
		Debug|x86 = Debug|x86
		Release|x64 = Release|x64
		Release|x86 = Release|x86
	EndGlobalSection
	GlobalSection(ProjectConfigurationPlatforms) = postSolution
		{B370BB3D-DFD7-4ABA-9D6D-C94CCE434BA7}.Debug|x64.ActiveCfg = Debug|x64
		{B370BB3D-DFD7-4ABA-9D6D-C94CCE434BA7}.Debug|x64.Build.0 = Debug|x64
		{B370BB3D-DFD7-4ABA-9D6D-C94CCE434BA7}.Debug|x86.ActiveCfg = Debug|Win32
		{B370BB3D-DFD7-4ABA-9D6D-C94CCE434BA7}.Debug|x86.Build.0 = Debug|Win32
		{B370BB3D-DFD7-4ABA-9D6D-C94CCE434BA7}.Release|x64.ActiveCfg = Release|x64
		{B370BB3D-DFD7-4ABA-9D6D-C94CCE434BA7}.Release|x64.Build.0 = Release|x64
		{B370BB3D-DFD7-4ABA-9D6D-C94CCE434BA7}.Release|x86.ActiveCfg = Release|Win32
		{B370BB3D-DFD7-4ABA-9D6D-C94CCE434BA7}.Release|x86.Build.0 = Release|Win32
		{7B451766-03FE-4CEE-B608-54DCBDE51753}.Debug|x64.ActiveCfg = Debug|x64
		{7B451766-03FE-4CEE-B608-54DCBDE51753}.Debug|x64.Build.0 = Debug|x64
		{7B451766-03FE-4CEE-B608-54DCBDE51753}.Debug|x86.ActiveCfg = Debug|Win32
		{7B451766-03FE-4CEE-B608-54DCBDE51753}.Debug|x86.Build.0 = Debug|Win32
		{7B451766-03FE-4CEE-B608-54DCBDE51753}.Release|x64.ActiveCfg = Release|x64
		{7B451766-03FE-4CEE-B608-54DCBDE51753}.Release|x64.Build.0 = Release|x64
		{7B451766-03FE-4CEE-B608-54DCBDE51753}.Release|x86.ActiveCfg = Release|Win32
		{7B451766-03FE-4CEE-B608-54DCBDE51753}.Release|x86.Build.0 = Release|Win32
	EndGlobalSection
	GlobalSection(SolutionProperties) = preSolution
		HideSolutionNode = FALSE
	EndGlobalSection
	GlobalSection(ExtensibilityGlobals) = postSolution
		SolutionGuid = {35EE5978-0962-4888-B56A-E77A705BB734}
	EndGlobalSection
EndGlobal
